Microsoft Visual Studio Solution File, Format Version 12.00
# Visual Studio Version 17
VisualStudioVersion = 17.1.32414.318
MinimumVisualStudioVersion = 10.0.40219.1
Project("{2150E333-8FDC-42A3-9474-1A3956D46DE8}") = "SolutionItems", "SolutionItems", "{E241F846-4B63-416C-8D85-8169325047DC}"
	ProjectSection(SolutionItems) = preProject
		.gitignore = .gitignore
		CODEOWNERS = CODEOWNERS
		LICENSE = LICENSE
		README.md = README.md
	EndProjectSection
EndProject
Project("{2150E333-8FDC-42A3-9474-1A3956D46DE8}") = "source", "source", "{D1995D72-29D0-4829-94ED-8B4A6762566B}"
EndProject
Project("{2150E333-8FDC-42A3-9474-1A3956D46DE8}") = "test", "test", "{81676487-44E4-4366-8A94-1DA7248441F0}"
EndProject
Project("{2150E333-8FDC-42A3-9474-1A3956D46DE8}") = "manual", "manual", "{34DD3613-F0D3-4633-BE40-2EB8DB94AF94}"
EndProject
Project("{2150E333-8FDC-42A3-9474-1A3956D46DE8}") = "automated", "automated", "{22DEA47C-C353-46EB-8758-B47F15FE59DF}"
EndProject
Project("{D954291E-2A0B-460D-934E-DC6B0785DB48}") = "Velentr.DevEnv", "test\manual\Velentr.DevEnv\Velentr.DevEnv.shproj", "{227895C9-A4FD-43ED-807B-87AF42D69A34}"
EndProject
Project("{9A19103F-16F7-4668-BE54-9A1E7A4F7556}") = "Velentr.Core.FNA", "source\Velentr.Core.FNA\Velentr.Core.FNA.csproj", "{9EFA5552-AA77-4960-9779-ACE777887EFE}"
EndProject
Project("{9A19103F-16F7-4668-BE54-9A1E7A4F7556}") = "Velentr.Core.Monogame", "source\Velentr.Core.Monogame\Velentr.Core.Monogame.csproj", "{688C6818-611E-4A16-A123-1D5E8064C850}"
EndProject
Project("{9A19103F-16F7-4668-BE54-9A1E7A4F7556}") = "Velentr.DevEnv.Console", "test\manual\Velentr.DevEnv.Console\Velentr.DevEnv.Console.csproj", "{E0B68B39-70FC-4F2B-8BAA-401904ED8383}"
EndProject
Project("{9A19103F-16F7-4668-BE54-9A1E7A4F7556}") = "Velentr.Core.Test", "test\automated\Velentr.Core.Test\Velentr.Core.Test.csproj", "{A240BDC1-567E-4769-891D-1DB3EC1BB1B4}"
EndProject
Project("{9A19103F-16F7-4668-BE54-9A1E7A4F7556}") = "Velentr.Core", "source\Velentr.Core\Velentr.Core.csproj", "{7A0CE665-D302-4AB1-886B-4CB16D23F31C}"
EndProject
Project("{D954291E-2A0B-460D-934E-DC6B0785DB48}") = "Velentr.Core.Shared", "source\Velentr.Core.Shared\Velentr.Core.Shared.shproj", "{2F24BA50-02C7-4C79-A2F3-C6216A5E2508}"
EndProject
Project("{9A19103F-16F7-4668-BE54-9A1E7A4F7556}") = "Velentr.DevEnv.FNA", "test\manual\Velentr.DevEnv.FNA\Velentr.DevEnv.FNA.csproj", "{AE441BBF-92BE-4219-83D6-0E3FCCAA9D0E}"
EndProject
Project("{9A19103F-16F7-4668-BE54-9A1E7A4F7556}") = "Velentr.DevEnv.Generic", "test\manual\Velentr.DevEnv.Generic\Velentr.DevEnv.Generic.csproj", "{1B752A08-B4E8-4803-8BD1-6C884BDB9DEF}"
EndProject
Project("{9A19103F-16F7-4668-BE54-9A1E7A4F7556}") = "Velentr.DevEnv.Monogame", "test\manual\Velentr.DevEnv.Monogame\Velentr.DevEnv.Monogame.csproj", "{2BE3BDCD-2133-420B-8A44-BF8E0DC84534}"
EndProject
Project("{2150E333-8FDC-42A3-9474-1A3956D46DE8}") = "FNA", "FNA", "{06455DF4-BC06-4931-AF6F-6EFF1A1645DE}"
EndProject
Project("{9A19103F-16F7-4668-BE54-9A1E7A4F7556}") = "FNA.Core", "FNA\FNA\FNA.Core.csproj", "{6D1689B9-5FBB-44A2-AFBA-2876B7ED7853}"
EndProject
Global
	GlobalSection(SolutionConfigurationPlatforms) = preSolution
		Debug|Any CPU = Debug|Any CPU
		Debug|x64 = Debug|x64
		Release|Any CPU = Release|Any CPU
		Release|x64 = Release|x64
	EndGlobalSection
	GlobalSection(ProjectConfigurationPlatforms) = postSolution
		{9EFA5552-AA77-4960-9779-ACE777887EFE}.Debug|Any CPU.ActiveCfg = Debug|x64
		{9EFA5552-AA77-4960-9779-ACE777887EFE}.Debug|Any CPU.Build.0 = Debug|x64
		{9EFA5552-AA77-4960-9779-ACE777887EFE}.Debug|x64.ActiveCfg = Debug|x64
		{9EFA5552-AA77-4960-9779-ACE777887EFE}.Debug|x64.Build.0 = Debug|x64
		{9EFA5552-AA77-4960-9779-ACE777887EFE}.Release|Any CPU.ActiveCfg = Release|x64
		{9EFA5552-AA77-4960-9779-ACE777887EFE}.Release|Any CPU.Build.0 = Release|x64
		{9EFA5552-AA77-4960-9779-ACE777887EFE}.Release|x64.ActiveCfg = Release|x64
		{9EFA5552-AA77-4960-9779-ACE777887EFE}.Release|x64.Build.0 = Release|x64
		{688C6818-611E-4A16-A123-1D5E8064C850}.Debug|Any CPU.ActiveCfg = Debug|Any CPU
		{688C6818-611E-4A16-A123-1D5E8064C850}.Debug|Any CPU.Build.0 = Debug|Any CPU
		{688C6818-611E-4A16-A123-1D5E8064C850}.Debug|x64.ActiveCfg = Debug|Any CPU
		{688C6818-611E-4A16-A123-1D5E8064C850}.Debug|x64.Build.0 = Debug|Any CPU
		{688C6818-611E-4A16-A123-1D5E8064C850}.Release|Any CPU.ActiveCfg = Release|Any CPU
		{688C6818-611E-4A16-A123-1D5E8064C850}.Release|Any CPU.Build.0 = Release|Any CPU
		{688C6818-611E-4A16-A123-1D5E8064C850}.Release|x64.ActiveCfg = Release|Any CPU
		{688C6818-611E-4A16-A123-1D5E8064C850}.Release|x64.Build.0 = Release|Any CPU
		{E0B68B39-70FC-4F2B-8BAA-401904ED8383}.Debug|Any CPU.ActiveCfg = Debug|Any CPU
		{E0B68B39-70FC-4F2B-8BAA-401904ED8383}.Debug|Any CPU.Build.0 = Debug|Any CPU
		{E0B68B39-70FC-4F2B-8BAA-401904ED8383}.Debug|x64.ActiveCfg = Debug|Any CPU
		{E0B68B39-70FC-4F2B-8BAA-401904ED8383}.Debug|x64.Build.0 = Debug|Any CPU
		{E0B68B39-70FC-4F2B-8BAA-401904ED8383}.Release|Any CPU.ActiveCfg = Release|Any CPU
		{E0B68B39-70FC-4F2B-8BAA-401904ED8383}.Release|Any CPU.Build.0 = Release|Any CPU
		{E0B68B39-70FC-4F2B-8BAA-401904ED8383}.Release|x64.ActiveCfg = Release|Any CPU
		{E0B68B39-70FC-4F2B-8BAA-401904ED8383}.Release|x64.Build.0 = Release|Any CPU
		{A240BDC1-567E-4769-891D-1DB3EC1BB1B4}.Debug|Any CPU.ActiveCfg = Debug|Any CPU
		{A240BDC1-567E-4769-891D-1DB3EC1BB1B4}.Debug|Any CPU.Build.0 = Debug|Any CPU
		{A240BDC1-567E-4769-891D-1DB3EC1BB1B4}.Debug|x64.ActiveCfg = Debug|Any CPU
		{A240BDC1-567E-4769-891D-1DB3EC1BB1B4}.Debug|x64.Build.0 = Debug|Any CPU
		{A240BDC1-567E-4769-891D-1DB3EC1BB1B4}.Release|Any CPU.ActiveCfg = Release|Any CPU
		{A240BDC1-567E-4769-891D-1DB3EC1BB1B4}.Release|Any CPU.Build.0 = Release|Any CPU
		{A240BDC1-567E-4769-891D-1DB3EC1BB1B4}.Release|x64.ActiveCfg = Release|Any CPU
		{A240BDC1-567E-4769-891D-1DB3EC1BB1B4}.Release|x64.Build.0 = Release|Any CPU
		{7A0CE665-D302-4AB1-886B-4CB16D23F31C}.Debug|Any CPU.ActiveCfg = Debug|Any CPU
		{7A0CE665-D302-4AB1-886B-4CB16D23F31C}.Debug|Any CPU.Build.0 = Debug|Any CPU
		{7A0CE665-D302-4AB1-886B-4CB16D23F31C}.Debug|x64.ActiveCfg = Debug|Any CPU
		{7A0CE665-D302-4AB1-886B-4CB16D23F31C}.Debug|x64.Build.0 = Debug|Any CPU
		{7A0CE665-D302-4AB1-886B-4CB16D23F31C}.Release|Any CPU.ActiveCfg = Release|Any CPU
		{7A0CE665-D302-4AB1-886B-4CB16D23F31C}.Release|Any CPU.Build.0 = Release|Any CPU
		{7A0CE665-D302-4AB1-886B-4CB16D23F31C}.Release|x64.ActiveCfg = Release|Any CPU
		{7A0CE665-D302-4AB1-886B-4CB16D23F31C}.Release|x64.Build.0 = Release|Any CPU
		{AE441BBF-92BE-4219-83D6-0E3FCCAA9D0E}.Debug|Any CPU.ActiveCfg = Debug|x64
		{AE441BBF-92BE-4219-83D6-0E3FCCAA9D0E}.Debug|Any CPU.Build.0 = Debug|x64
		{AE441BBF-92BE-4219-83D6-0E3FCCAA9D0E}.Debug|x64.ActiveCfg = Debug|x64
		{AE441BBF-92BE-4219-83D6-0E3FCCAA9D0E}.Debug|x64.Build.0 = Debug|x64
		{AE441BBF-92BE-4219-83D6-0E3FCCAA9D0E}.Release|Any CPU.ActiveCfg = Release|x64
		{AE441BBF-92BE-4219-83D6-0E3FCCAA9D0E}.Release|Any CPU.Build.0 = Release|x64
		{AE441BBF-92BE-4219-83D6-0E3FCCAA9D0E}.Release|x64.ActiveCfg = Release|x64
		{AE441BBF-92BE-4219-83D6-0E3FCCAA9D0E}.Release|x64.Build.0 = Release|x64
		{1B752A08-B4E8-4803-8BD1-6C884BDB9DEF}.Debug|Any CPU.ActiveCfg = Debug|Any CPU
		{1B752A08-B4E8-4803-8BD1-6C884BDB9DEF}.Debug|Any CPU.Build.0 = Debug|Any CPU
		{1B752A08-B4E8-4803-8BD1-6C884BDB9DEF}.Debug|x64.ActiveCfg = Debug|Any CPU
		{1B752A08-B4E8-4803-8BD1-6C884BDB9DEF}.Debug|x64.Build.0 = Debug|Any CPU
		{1B752A08-B4E8-4803-8BD1-6C884BDB9DEF}.Release|Any CPU.ActiveCfg = Release|Any CPU
		{1B752A08-B4E8-4803-8BD1-6C884BDB9DEF}.Release|Any CPU.Build.0 = Release|Any CPU
		{1B752A08-B4E8-4803-8BD1-6C884BDB9DEF}.Release|x64.ActiveCfg = Release|Any CPU
		{1B752A08-B4E8-4803-8BD1-6C884BDB9DEF}.Release|x64.Build.0 = Release|Any CPU
		{2BE3BDCD-2133-420B-8A44-BF8E0DC84534}.Debug|Any CPU.ActiveCfg = Debug|Any CPU
		{2BE3BDCD-2133-420B-8A44-BF8E0DC84534}.Debug|Any CPU.Build.0 = Debug|Any CPU
		{2BE3BDCD-2133-420B-8A44-BF8E0DC84534}.Debug|x64.ActiveCfg = Debug|Any CPU
		{2BE3BDCD-2133-420B-8A44-BF8E0DC84534}.Debug|x64.Build.0 = Debug|Any CPU
		{2BE3BDCD-2133-420B-8A44-BF8E0DC84534}.Release|Any CPU.ActiveCfg = Release|Any CPU
		{2BE3BDCD-2133-420B-8A44-BF8E0DC84534}.Release|Any CPU.Build.0 = Release|Any CPU
		{2BE3BDCD-2133-420B-8A44-BF8E0DC84534}.Release|x64.ActiveCfg = Release|Any CPU
		{2BE3BDCD-2133-420B-8A44-BF8E0DC84534}.Release|x64.Build.0 = Release|Any CPU
		{6D1689B9-5FBB-44A2-AFBA-2876B7ED7853}.Debug|Any CPU.ActiveCfg = Debug|x64
		{6D1689B9-5FBB-44A2-AFBA-2876B7ED7853}.Debug|Any CPU.Build.0 = Debug|x64
		{6D1689B9-5FBB-44A2-AFBA-2876B7ED7853}.Debug|x64.ActiveCfg = Debug|x64
		{6D1689B9-5FBB-44A2-AFBA-2876B7ED7853}.Debug|x64.Build.0 = Debug|x64
		{6D1689B9-5FBB-44A2-AFBA-2876B7ED7853}.Release|Any CPU.ActiveCfg = Release|x64
		{6D1689B9-5FBB-44A2-AFBA-2876B7ED7853}.Release|Any CPU.Build.0 = Release|x64
		{6D1689B9-5FBB-44A2-AFBA-2876B7ED7853}.Release|x64.ActiveCfg = Release|x64
		{6D1689B9-5FBB-44A2-AFBA-2876B7ED7853}.Release|x64.Build.0 = Release|x64
	EndGlobalSection
	GlobalSection(SolutionProperties) = preSolution
		HideSolutionNode = FALSE
	EndGlobalSection
	GlobalSection(NestedProjects) = preSolution
		{34DD3613-F0D3-4633-BE40-2EB8DB94AF94} = {81676487-44E4-4366-8A94-1DA7248441F0}
		{22DEA47C-C353-46EB-8758-B47F15FE59DF} = {81676487-44E4-4366-8A94-1DA7248441F0}
		{227895C9-A4FD-43ED-807B-87AF42D69A34} = {34DD3613-F0D3-4633-BE40-2EB8DB94AF94}
		{9EFA5552-AA77-4960-9779-ACE777887EFE} = {D1995D72-29D0-4829-94ED-8B4A6762566B}
		{688C6818-611E-4A16-A123-1D5E8064C850} = {D1995D72-29D0-4829-94ED-8B4A6762566B}
		{E0B68B39-70FC-4F2B-8BAA-401904ED8383} = {34DD3613-F0D3-4633-BE40-2EB8DB94AF94}
		{A240BDC1-567E-4769-891D-1DB3EC1BB1B4} = {22DEA47C-C353-46EB-8758-B47F15FE59DF}
		{7A0CE665-D302-4AB1-886B-4CB16D23F31C} = {D1995D72-29D0-4829-94ED-8B4A6762566B}
		{2F24BA50-02C7-4C79-A2F3-C6216A5E2508} = {D1995D72-29D0-4829-94ED-8B4A6762566B}
		{AE441BBF-92BE-4219-83D6-0E3FCCAA9D0E} = {34DD3613-F0D3-4633-BE40-2EB8DB94AF94}
		{1B752A08-B4E8-4803-8BD1-6C884BDB9DEF} = {34DD3613-F0D3-4633-BE40-2EB8DB94AF94}
		{2BE3BDCD-2133-420B-8A44-BF8E0DC84534} = {34DD3613-F0D3-4633-BE40-2EB8DB94AF94}
		{6D1689B9-5FBB-44A2-AFBA-2876B7ED7853} = {06455DF4-BC06-4931-AF6F-6EFF1A1645DE}
	EndGlobalSection
	GlobalSection(ExtensibilityGlobals) = postSolution
		SolutionGuid = {4ea5abe1-bd58-49f2-a70d-89d5043fe486}
	EndGlobalSection
	GlobalSection(SharedMSBuildProjectFiles) = preSolution
		test\manual\Velentr.DevEnv\Velentr.DevEnv.projitems*{1b752a08-b4e8-4803-8bd1-6c884bdb9def}*SharedItemsImports = 5
		test\manual\Velentr.DevEnv\Velentr.DevEnv.projitems*{227895c9-a4fd-43ed-807b-87af42d69a34}*SharedItemsImports = 13
		test\manual\Velentr.DevEnv\Velentr.DevEnv.projitems*{2be3bdcd-2133-420b-8a44-bf8e0dc84534}*SharedItemsImports = 5
		source\Velentr.Core.Shared\Velentr.Core.Shared.projitems*{2f24ba50-02c7-4c79-a2f3-c6216a5e2508}*SharedItemsImports = 13
		source\Velentr.Core.Shared\Velentr.Core.Shared.projitems*{688c6818-611e-4a16-a123-1d5e8064c850}*SharedItemsImports = 5
		source\Velentr.Core.Shared\Velentr.Core.Shared.projitems*{7a0ce665-d302-4ab1-886b-4cb16d23f31c}*SharedItemsImports = 5
		source\Velentr.Core.Shared\Velentr.Core.Shared.projitems*{9efa5552-aa77-4960-9779-ace777887efe}*SharedItemsImports = 5
		test\manual\Velentr.DevEnv\Velentr.DevEnv.projitems*{ae441bbf-92be-4219-83d6-0e3fccaa9d0e}*SharedItemsImports = 5
	EndGlobalSection
EndGlobal
